
Microsoft Visual Studio Solution File, Format Version 12.00
# Visual Studio Version 17
VisualStudioVersion = 17.1.32328.378
MinimumVisualStudioVersion = 10.0.40219.1
Project("{FAE04EC0-301F-11D3-BF4B-00C04F79EFBC}") = "Equitel", "Equitel\Equitel.csproj", "{FC62FE96-FE72-48DF-9E63-FC204754C7C6}"
EndProject
Global
	GlobalSection(SolutionConfigurationPlatforms) = preSolution
		Debug|Any CPU = Debug|Any CPU
		Release|Any CPU = Release|Any CPU
	EndGlobalSection
	GlobalSection(ProjectConfigurationPlatforms) = postSolution
		{FC62FE96-FE72-48DF-9E63-FC204754C7C6}.Debug|Any CPU.ActiveCfg = Debug|Any CPU
		{FC62FE96-FE72-48DF-9E63-FC204754C7C6}.Debug|Any CPU.Build.0 = Debug|Any CPU
		{FC62FE96-FE72-48DF-9E63-FC204754C7C6}.Release|Any CPU.ActiveCfg = Release|Any CPU
		{FC62FE96-FE72-48DF-9E63-FC204754C7C6}.Release|Any CPU.Build.0 = Release|Any CPU
	EndGlobalSection
	GlobalSection(SolutionProperties) = preSolution
		HideSolutionNode = FALSE
	EndGlobalSection
	GlobalSection(ExtensibilityGlobals) = postSolution
		SolutionGuid = {8BC4EBE4-0130-48E8-B8F0-8FE0236440A5}
	EndGlobalSection
EndGlobal
